Microsoft Visual Studio Solution File, Format Version 11.00
# Visual Studio 2008

Project("{0C32CA37-12AE-3CDD-5F6B-1147D684685B}") = "Eduard_The_Warrior", "Assembly-CSharp.csproj", "{65F138AB-A7F0-4B77-D35A-ED5C47CEFF74}"
EndProject
Global
	GlobalSection(SolutionConfigurationPlatforms) = preSolution
		Debug|Any CPU = Debug|Any CPU
		Release|Any CPU = Release|Any CPU
	EndGlobalSection
	GlobalSection(ProjectConfigurationPlatforms) = postSolution
		{65F138AB-A7F0-4B77-D35A-ED5C47CEFF74}.Debug|Any CPU.ActiveCfg = Debug|Any CPU
		{65F138AB-A7F0-4B77-D35A-ED5C47CEFF74}.Debug|Any CPU.Build.0 = Debug|Any CPU
		{65F138AB-A7F0-4B77-D35A-ED5C47CEFF74}.Release|Any CPU.ActiveCfg = Release|Any CPU
		{65F138AB-A7F0-4B77-D35A-ED5C47CEFF74}.Release|Any CPU.Build.0 = Release|Any CPU
	EndGlobalSection
	GlobalSection(SolutionProperties) = preSolution
		HideSolutionNode = FALSE
	EndGlobalSection
	GlobalSection(MonoDevelopProperties) = preSolution
		StartupItem = Assembly-CSharp.csproj
	EndGlobalSection
EndGlobal
